{
  "name": "tinylanguage-vscode",
  "version": "0.1.1",
  "lockfileVersion": 3,
  "requires": true,
  "packages": {
    "": {
      "name": "tinylanguage-vscode",
      "version": "0.1.1",
      "license": "CC-BY-NC-SA-4.0",
      "devDependencies": {},
      "engines": {
        "vscode": "^1.85.0"
      }
    }
  }
}
